// !$*UTF8*$!
{
	archiveVersion = 1;
	classes = {
	};
	objectVersion = 70;
	objects = {

/* Begin PBXBuildFile section */
		09393689BED14B44C82510B0 /* Pods_FLICK.framework in Frameworks */ = {isa = PBXBuildFile; fileRef = 3599ACE595123C868FABAD64 /* Pods_FLICK.framework */; };
		98DEAC8393B7B0986287F4D8 /* Pods_FLICK_FLICKUITests.framework in Frameworks */ = {isa = PBXBuildFile; fileRef = 4E9A8DCDA5286221EEA20628 /* Pods_FLICK_FLICKUITests.framework */; };
		9E1826E62D53B86F009870EE /* FirebaseAnalytics in Frameworks */ = {isa = PBXBuildFile; productRef = 9E1826E52D53B86F009870EE /* FirebaseAnalytics */; };
		9E8C71362D539BA90057BBDB /* FirebaseAnalytics in Frameworks */ = {isa = PBXBuildFile; productRef = 9E8C71352D539BA90057BBDB /* FirebaseAnalytics */; };
		D675C6FA74EDBE0DC7393EFD /* Pods_FLICKTests.framework in Frameworks */ = {isa = PBXBuildFile; fileRef = 5A590F61396E63C38F9D6575 /* Pods_FLICKTests.framework */; };
/* End PBXBuildFile section */

/* Begin PBXContainerItemProxy section */
		0FE011242D3F8918007A7B5B /* PBXContainerItemProxy */ = {
			isa = PBXContainerItemProxy;
			containerPortal = 0FE0110A2D3F8916007A7B5B /* Project object */;
			proxyType = 1;
			remoteGlobalIDString = 0FE011112D3F8916007A7B5B;
			remoteInfo = FLICK;
		};
		0FE0112E2D3F8918007A7B5B /* PBXContainerItemProxy */ = {
			isa = PBXContainerItemProxy;
			containerPortal = 0FE0110A2D3F8916007A7B5B /* Project object */;
			proxyType = 1;
			remoteGlobalIDString = 0FE011112D3F8916007A7B5B;
			remoteInfo = FLICK;
		};
/* End PBXContainerItemProxy section */

/* Begin PBXFileReference section */
		0FE011122D3F8916007A7B5B /* FLICK.app */ = {isa = PBXFileReference; explicitFileType = wrapper.application; includeInIndex = 0; path = FLICK.app; sourceTree = BUILT_PRODUCTS_DIR; };
		0FE011232D3F8918007A7B5B /* FLICKTests.xctest */ = {isa = PBXFileReference; explicitFileType = wrapper.cfbundle; includeInIndex = 0; path = FLICKTests.xctest; sourceTree = BUILT_PRODUCTS_DIR; };
		0FE0112D2D3F8918007A7B5B /* FLICKUITests.xctest */ = {isa = PBXFileReference; explicitFileType = wrapper.cfbundle; includeInIndex = 0; path = FLICKUITests.xctest; sourceTree = BUILT_PRODUCTS_DIR; };
		3599ACE595123C868FABAD64 /* Pods_FLICK.framework */ = {isa = PBXFileReference; explicitFileType = wrapper.framework; includeInIndex = 0; path = Pods_FLICK.framework; sourceTree = BUILT_PRODUCTS_DIR; };
		4E9A8DCDA5286221EEA20628 /* Pods_FLICK_FLICKUITests.framework */ = {isa = PBXFileReference; explicitFileType = wrapper.framework; includeInIndex = 0; path = Pods_FLICK_FLICKUITests.framework; sourceTree = BUILT_PRODUCTS_DIR; };
		518425EBC38DE01E5777E931 /* Pods-FLICK-FLICKUITests.release.xcconfig */ = {isa = PBXFileReference; includeInIndex = 1; lastKnownFileType = text.xcconfig; name = "Pods-FLICK-FLICKUITests.release.xcconfig"; path = "Target Support Files/Pods-FLICK-FLICKUITests/Pods-FLICK-FLICKUITests.release.xcconfig"; sourceTree = "<group>"; };
		5A590F61396E63C38F9D6575 /* Pods_FLICKTests.framework */ = {isa = PBXFileReference; explicitFileType = wrapper.framework; includeInIndex = 0; path = Pods_FLICKTests.framework; sourceTree = BUILT_PRODUCTS_DIR; };
		69280B529BD41D99335B9A8A /* Pods-FLICK.debug.xcconfig */ = {isa = PBXFileReference; includeInIndex = 1; lastKnownFileType = text.xcconfig; name = "Pods-FLICK.debug.xcconfig"; path = "Target Support Files/Pods-FLICK/Pods-FLICK.debug.xcconfig"; sourceTree = "<group>"; };
		86F3D11263960D4B8A7A2BEE /* Pods-FLICK.release.xcconfig */ = {isa = PBXFileReference; includeInIndex = 1; lastKnownFileType = text.xcconfig; name = "Pods-FLICK.release.xcconfig"; path = "Target Support Files/Pods-FLICK/Pods-FLICK.release.xcconfig"; sourceTree = "<group>"; };
		96F8CC5FDA7E45D5F60732F6 /* Pods-FLICK-FLICKUITests.debug.xcconfig */ = {isa = PBXFileReference; includeInIndex = 1; lastKnownFileType = text.xcconfig; name = "Pods-FLICK-FLICKUITests.debug.xcconfig"; path = "Target Support Files/Pods-FLICK-FLICKUITests/Pods-FLICK-FLICKUITests.debug.xcconfig"; sourceTree = "<group>"; };
		BA371AB341501276068E352A /* Pods-FLICKTests.release.xcconfig */ = {isa = PBXFileReference; includeInIndex = 1; lastKnownFileType = text.xcconfig; name = "Pods-FLICKTests.release.xcconfig"; path = "Target Support Files/Pods-FLICKTests/Pods-FLICKTests.release.xcconfig"; sourceTree = "<group>"; };
		D9DF3CC27FBC845A4EF4147A /* Pods-FLICKTests.debug.xcconfig */ = {isa = PBXFileReference; includeInIndex = 1; lastKnownFileType = text.xcconfig; name = "Pods-FLICKTests.debug.xcconfig"; path = "Target Support Files/Pods-FLICKTests/Pods-FLICKTests.debug.xcconfig"; sourceTree = "<group>"; };
/* End PBXFileReference section */

/* Begin PBXFileSystemSynchronizedRootGroup section */
		0FE011142D3F8916007A7B5B /* FLICK */ = {isa = PBXFileSystemSynchronizedRootGroup; explicitFileTypes = {}; explicitFolders = (); path = FLICK; sourceTree = "<group>"; };
		0FE011262D3F8918007A7B5B /* FLICKTests */ = {isa = PBXFileSystemSynchronizedRootGroup; explicitFileTypes = {}; explicitFolders = (); path = FLICKTests; sourceTree = "<group>"; };
		0FE011302D3F8918007A7B5B /* FLICKUITests */ = {isa = PBXFileSystemSynchronizedRootGroup; explicitFileTypes = {}; explicitFolders = (); path = FLICKUITests; sourceTree = "<group>"; };
/* End PBXFileSystemSynchronizedRootGroup section */

/* Begin PBXFrameworksBuildPhase section */
		0FE0110F2D3F8916007A7B5B /* Frameworks */ = {
			isa = PBXFrameworksBuildPhase;
			buildActionMask = 2147483647;
			files = (
				9E8C71362D539BA90057BBDB /* FirebaseAnalytics in Frameworks */,
				09393689BED14B44C82510B0 /* Pods_FLICK.framework in Frameworks */,
				9E1826E62D53B86F009870EE /* FirebaseAnalytics in Frameworks */,
			);
			runOnlyForDeploymentPostprocessing = 0;
		};
		0FE011202D3F8918007A7B5B /* Frameworks */ = {
			isa = PBXFrameworksBuildPhase;
			buildActionMask = 2147483647;
			files = (
				D675C6FA74EDBE0DC7393EFD /* Pods_FLICKTests.framework in Frameworks */,
			);
			runOnlyForDeploymentPostprocessing = 0;
		};
		0FE0112A2D3F8918007A7B5B /* Frameworks */ = {
			isa = PBXFrameworksBuildPhase;
			buildActionMask = 2147483647;
			files = (
				98DEAC8393B7B0986287F4D8 /* Pods_FLICK_FLICKUITests.framework in Frameworks */,
			);
			runOnlyForDeploymentPostprocessing = 0;
		};
/* End PBXFrameworksBuildPhase section */

/* Begin PBXGroup section */
		0FE011092D3F8916007A7B5B = {
			isa = PBXGroup;
			children = (
				0FE011142D3F8916007A7B5B /* FLICK */,
				0FE011262D3F8918007A7B5B /* FLICKTests */,
				0FE011302D3F8918007A7B5B /* FLICKUITests */,
				0FE011132D3F8916007A7B5B /* Products */,
				D3CF8E67C373EE0957130940 /* Pods */,
				C4045079DDDC540AAB77A42A /* Frameworks */,
			);
			sourceTree = "<group>";
		};
		0FE011132D3F8916007A7B5B /* Products */ = {
			isa = PBXGroup;
			children = (
				0FE011122D3F8916007A7B5B /* FLICK.app */,
				0FE011232D3F8918007A7B5B /* FLICKTests.xctest */,
				0FE0112D2D3F8918007A7B5B /* FLICKUITests.xctest */,
			);
			name = Products;
			sourceTree = "<group>";
		};
		C4045079DDDC540AAB77A42A /* Frameworks */ = {
			isa = PBXGroup;
			children = (
				3599ACE595123C868FABAD64 /* Pods_FLICK.framework */,
				4E9A8DCDA5286221EEA20628 /* Pods_FLICK_FLICKUITests.framework */,
				5A590F61396E63C38F9D6575 /* Pods_FLICKTests.framework */,
			);
			name = Frameworks;
			sourceTree = "<group>";
		};
		D3CF8E67C373EE0957130940 /* Pods */ = {
			isa = PBXGroup;
			children = (
				69280B529BD41D99335B9A8A /* Pods-FLICK.debug.xcconfig */,
				86F3D11263960D4B8A7A2BEE /* Pods-FLICK.release.xcconfig */,
				96F8CC5FDA7E45D5F60732F6 /* Pods-FLICK-FLICKUITests.debug.xcconfig */,
				518425EBC38DE01E5777E931 /* Pods-FLICK-FLICKUITests.release.xcconfig */,
				D9DF3CC27FBC845A4EF4147A /* Pods-FLICKTests.debug.xcconfig */,
				BA371AB341501276068E352A /* Pods-FLICKTests.release.xcconfig */,
			);
			path = Pods;
			sourceTree = "<group>";
		};
/* End PBXGroup section */

/* Begin PBXNativeTarget section */
		0FE011112D3F8916007A7B5B /* FLICK */ = {
			isa = PBXNativeTarget;
			buildConfigurationList = 0FE011372D3F8918007A7B5B /* Build configuration list for PBXNativeTarget "FLICK" */;
			buildPhases = (
				B251DE0B2E1EC99BA83FDDCF /* [CP] Check Pods Manifest.lock */,
				0FE0110E2D3F8916007A7B5B /* Sources */,
				0FE0110F2D3F8916007A7B5B /* Frameworks */,
				0FE011102D3F8916007A7B5B /* Resources */,
				1B72C007ED4C07FD6E7FA427 /* [CP] Embed Pods Frameworks */,
			);
			buildRules = (
			);
			dependencies = (
			);
			fileSystemSynchronizedGroups = (
				0FE011142D3F8916007A7B5B /* FLICK */,
			);
			name = FLICK;
			productName = FLICK;
			productReference = 0FE011122D3F8916007A7B5B /* FLICK.app */;
			productType = "com.apple.product-type.application";
		};
		0FE011222D3F8918007A7B5B /* FLICKTests */ = {
			isa = PBXNativeTarget;
			buildConfigurationList = 0FE0113A2D3F8918007A7B5B /* Build configuration list for PBXNativeTarget "FLICKTests" */;
			buildPhases = (
				E4D8926F7319836E5D7ABC8A /* [CP] Check Pods Manifest.lock */,
				0FE0111F2D3F8918007A7B5B /* Sources */,
				0FE011202D3F8918007A7B5B /* Frameworks */,
				0FE011212D3F8918007A7B5B /* Resources */,
			);
			buildRules = (
			);
			dependencies = (
				0FE011252D3F8918007A7B5B /* PBXTargetDependency */,
			);
			fileSystemSynchronizedGroups = (
				0FE011262D3F8918007A7B5B /* FLICKTests */,
			);
			name = FLICKTests;
			productName = FLICKTests;
			productReference = 0FE011232D3F8918007A7B5B /* FLICKTests.xctest */;
			productType = "com.apple.product-type.bundle.unit-test";
		};
		0FE0112C2D3F8918007A7B5B /* FLICKUITests */ = {
			isa = PBXNativeTarget;
			buildConfigurationList = 0FE0113D2D3F8918007A7B5B /* Build configuration list for PBXNativeTarget "FLICKUITests" */;
			buildPhases = (
				B6E812641D111E5FCED19D22 /* [CP] Check Pods Manifest.lock */,
				0FE011292D3F8918007A7B5B /* Sources */,
				0FE0112A2D3F8918007A7B5B /* Frameworks */,
				0FE0112B2D3F8918007A7B5B /* Resources */,
				CF0651C50117907411994779 /* [CP] Embed Pods Frameworks */,
			);
			buildRules = (
			);
			dependencies = (
				0FE0112F2D3F8918007A7B5B /* PBXTargetDependency */,
			);
			fileSystemSynchronizedGroups = (
				0FE011302D3F8918007A7B5B /* FLICKUITests */,
			);
			name = FLICKUITests;
			productName = FLICKUITests;
			productReference = 0FE0112D2D3F8918007A7B5B /* FLICKUITests.xctest */;
			productType = "com.apple.product-type.bundle.ui-testing";
		};
/* End PBXNativeTarget section */

/* Begin PBXProject section */
		0FE0110A2D3F8916007A7B5B /* Project object */ = {
			isa = PBXProject;
			attributes = {
				BuildIndependentTargetsInParallel = 1;
				LastSwiftUpdateCheck = 1620;
				LastUpgradeCheck = 1620;
				TargetAttributes = {
					0FE011112D3F8916007A7B5B = {
						CreatedOnToolsVersion = 16.2;
					};
					0FE011222D3F8918007A7B5B = {
						CreatedOnToolsVersion = 16.2;
						TestTargetID = 0FE011112D3F8916007A7B5B;
					};
					0FE0112C2D3F8918007A7B5B = {
						CreatedOnToolsVersion = 16.2;
						TestTargetID = 0FE011112D3F8916007A7B5B;
					};
				};
			};
			buildConfigurationList = 0FE0110D2D3F8916007A7B5B /* Build configuration list for PBXProject "FLICK" */;
			compatibilityVersion = "Xcode 15.0";
			developmentRegion = en;
			hasScannedForEncodings = 0;
			knownRegions = (
				en,
				Base,
			);
			mainGroup = 0FE011092D3F8916007A7B5B;
			minimizedProjectReferenceProxies = 1;
			packageReferences = (
				9E1826E42D53B86F009870EE /* XCRemoteSwiftPackageReference "firebase-ios-sdk" */,
			);
			productRefGroup = 0FE011132D3F8916007A7B5B /* Products */;
			projectDirPath = "";
			projectRoot = "";
			targets = (
				0FE011112D3F8916007A7B5B /* FLICK */,
				0FE011222D3F8918007A7B5B /* FLICKTests */,
				0FE0112C2D3F8918007A7B5B /* FLICKUITests */,
			);
		};
/* End PBXProject section */

/* Begin PBXResourcesBuildPhase section */
		0FE011102D3F8916007A7B5B /* Resources */ = {
			isa = PBXResourcesBuildPhase;
			buildActionMask = 2147483647;
			files = (
			);
			runOnlyForDeploymentPostprocessing = 0;
		};
		0FE011212D3F8918007A7B5B /* Resources */ = {
			isa = PBXResourcesBuildPhase;
			buildActionMask = 2147483647;
			files = (
			);
			runOnlyForDeploymentPostprocessing = 0;
		};
		0FE0112B2D3F8918007A7B5B /* Resources */ = {
			isa = PBXResourcesBuildPhase;
			buildActionMask = 2147483647;
			files = (
			);
			runOnlyForDeploymentPostprocessing = 0;
		};
/* End PBXResourcesBuildPhase section */

/* Begin PBXShellScriptBuildPhase section */
		1B72C007ED4C07FD6E7FA427 /* [CP] Embed Pods Frameworks */ = {
			isa = PBXShellScriptBuildPhase;
			buildActionMask = 2147483647;
			files = (
			);
			inputFileListPaths = (
				"${PODS_ROOT}/Target Support Files/Pods-FLICK/Pods-FLICK-frameworks-${CONFIGURATION}-input-files.xcfilelist",
			);
			name = "[CP] Embed Pods Frameworks";
			outputFileListPaths = (
				"${PODS_ROOT}/Target Support Files/Pods-FLICK/Pods-FLICK-frameworks-${CONFIGURATION}-output-files.xcfilelist",
			);
			runOnlyForDeploymentPostprocessing = 0;
			shellPath = /bin/sh;
			shellScript = "\"${PODS_ROOT}/Target Support Files/Pods-FLICK/Pods-FLICK-frameworks.sh\"\n";
			showEnvVarsInLog = 0;
		};
		B251DE0B2E1EC99BA83FDDCF /* [CP] Check Pods Manifest.lock */ = {
			isa = PBXShellScriptBuildPhase;
			buildActionMask = 2147483647;
			files = (
			);
			inputFileListPaths = (
			);
			inputPaths = (
				"${PODS_PODFILE_DIR_PATH}/Podfile.lock",
				"${PODS_ROOT}/Manifest.lock",
			);
			name = "[CP] Check Pods Manifest.lock";
			outputFileListPaths = (
			);
			outputPaths = (
				"$(DERIVED_FILE_DIR)/Pods-FLICK-checkManifestLockResult.txt",
			);
			runOnlyForDeploymentPostprocessing = 0;
			shellPath = /bin/sh;
			shellScript = "diff \"${PODS_PODFILE_DIR_PATH}/Podfile.lock\" \"${PODS_ROOT}/Manifest.lock\" > /dev/null\nif [ $? != 0 ] ; then\n    # print error to STDERR\n    echo \"error: The sandbox is not in sync with the Podfile.lock. Run 'pod install' or update your CocoaPods installation.\" >&2\n    exit 1\nfi\n# This output is used by Xcode 'outputs' to avoid re-running this script phase.\necho \"SUCCESS\" > \"${SCRIPT_OUTPUT_FILE_0}\"\n";
			showEnvVarsInLog = 0;
		};
		B6E812641D111E5FCED19D22 /* [CP] Check Pods Manifest.lock */ = {
			isa = PBXShellScriptBuildPhase;
			buildActionMask = 2147483647;
			files = (
			);
			inputFileListPaths = (
			);
			inputPaths = (
				"${PODS_PODFILE_DIR_PATH}/Podfile.lock",
				"${PODS_ROOT}/Manifest.lock",
			);
			name = "[CP] Check Pods Manifest.lock";
			outputFileListPaths = (
			);
			outputPaths = (
				"$(DERIVED_FILE_DIR)/Pods-FLICK-FLICKUITests-checkManifestLockResult.txt",
			);
			runOnlyForDeploymentPostprocessing = 0;
			shellPath = /bin/sh;
			shellScript = "diff \"${PODS_PODFILE_DIR_PATH}/Podfile.lock\" \"${PODS_ROOT}/Manifest.lock\" > /dev/null\nif [ $? != 0 ] ; then\n    # print error to STDERR\n    echo \"error: The sandbox is not in sync with the Podfile.lock. Run 'pod install' or update your CocoaPods installation.\" >&2\n    exit 1\nfi\n# This output is used by Xcode 'outputs' to avoid re-running this script phase.\necho \"SUCCESS\" > \"${SCRIPT_OUTPUT_FILE_0}\"\n";
			showEnvVarsInLog = 0;
		};
		CF0651C50117907411994779 /* [CP] Embed Pods Frameworks */ = {
			isa = PBXShellScriptBuildPhase;
			buildActionMask = 2147483647;
			files = (
			);
			inputFileListPaths = (
				"${PODS_ROOT}/Target Support Files/Pods-FLICK-FLICKUITests/Pods-FLICK-FLICKUITests-frameworks-${CONFIGURATION}-input-files.xcfilelist",
			);
			name = "[CP] Embed Pods Frameworks";
			outputFileListPaths = (
				"${PODS_ROOT}/Target Support Files/Pods-FLICK-FLICKUITests/Pods-FLICK-FLICKUITests-frameworks-${CONFIGURATION}-output-files.xcfilelist",
			);
			runOnlyForDeploymentPostprocessing = 0;
			shellPath = /bin/sh;
			shellScript = "\"${PODS_ROOT}/Target Support Files/Pods-FLICK-FLICKUITests/Pods-FLICK-FLICKUITests-frameworks.sh\"\n";
			showEnvVarsInLog = 0;
		};
		E4D8926F7319836E5D7ABC8A /* [CP] Check Pods Manifest.lock */ = {
			isa = PBXShellScriptBuildPhase;
			buildActionMask = 2147483647;
			files = (
			);
			inputFileListPaths = (
			);
			inputPaths = (
				"${PODS_PODFILE_DIR_PATH}/Podfile.lock",
				"${PODS_ROOT}/Manifest.lock",
			);
			name = "[CP] Check Pods Manifest.lock";
			outputFileListPaths = (
			);
			outputPaths = (
				"$(DERIVED_FILE_DIR)/Pods-FLICKTests-checkManifestLockResult.txt",
			);
			runOnlyForDeploymentPostprocessing = 0;
			shellPath = /bin/sh;
			shellScript = "diff \"${PODS_PODFILE_DIR_PATH}/Podfile.lock\" \"${PODS_ROOT}/Manifest.lock\" > /dev/null\nif [ $? != 0 ] ; then\n    # print error to STDERR\n    echo \"error: The sandbox is not in sync with the Podfile.lock. Run 'pod install' or update your CocoaPods installation.\" >&2\n    exit 1\nfi\n# This output is used by Xcode 'outputs' to avoid re-running this script phase.\necho \"SUCCESS\" > \"${SCRIPT_OUTPUT_FILE_0}\"\n";
			showEnvVarsInLog = 0;
		};
/* End PBXShellScriptBuildPhase section */

/* Begin PBXSourcesBuildPhase section */
		0FE0110E2D3F8916007A7B5B /* Sources */ = {
			isa = PBXSourcesBuildPhase;
			buildActionMask = 2147483647;
			files = (
			);
			runOnlyForDeploymentPostprocessing = 0;
		};
		0FE0111F2D3F8918007A7B5B /* Sources */ = {
			isa = PBXSourcesBuildPhase;
			buildActionMask = 2147483647;
			files = (
			);
			runOnlyForDeploymentPostprocessing = 0;
		};
		0FE011292D3F8918007A7B5B /* Sources */ = {
			isa = PBXSourcesBuildPhase;
			buildActionMask = 2147483647;
			files = (
			);
			runOnlyForDeploymentPostprocessing = 0;
		};
/* End PBXSourcesBuildPhase section */

/* Begin PBXTargetDependency section */
		0FE011252D3F8918007A7B5B /* PBXTargetDependency */ = {
			isa = PBXTargetDependency;
			target = 0FE011112D3F8916007A7B5B /* FLICK */;
			targetProxy = 0FE011242D3F8918007A7B5B /* PBXContainerItemProxy */;
		};
		0FE0112F2D3F8918007A7B5B /* PBXTargetDependency */ = {
			isa = PBXTargetDependency;
			target = 0FE011112D3F8916007A7B5B /* FLICK */;
			targetProxy = 0FE0112E2D3F8918007A7B5B /* PBXContainerItemProxy */;
		};
/* End PBXTargetDependency section */

/* Begin XCBuildConfiguration section */
		0FE011352D3F8918007A7B5B /* Debug */ = {
			isa = XCBuildConfiguration;
			buildSettings = {
				ALWAYS_SEARCH_USER_PATHS = NO;
				ASSETCATALOG_COMPILER_GENERATE_SWIFT_ASSET_SYMBOL_EXTENSIONS = YES;
				CLANG_ANALYZER_NONNULL = YES;
				CLANG_ANALYZER_NUMBER_OBJECT_CONVERSION = YES_AGGRESSIVE;
				CLANG_CXX_LANGUAGE_STANDARD = "gnu++20";
				CLANG_ENABLE_MODULES = YES;
				CLANG_ENABLE_OBJC_ARC = YES;
				CLANG_ENABLE_OBJC_WEAK = YES;
				CLANG_WARN_BLOCK_CAPTURE_AUTORELEASING = YES;
				CLANG_WARN_BOOL_CONVERSION = YES;
				CLANG_WARN_COMMA = YES;
				CLANG_WARN_CONSTANT_CONVERSION = YES;
				CLANG_WARN_DEPRECATED_OBJC_IMPLEMENTATIONS = YES;
				CLANG_WARN_DIRECT_OBJC_ISA_USAGE = YES_ERROR;
				CLANG_WARN_DOCUMENTATION_COMMENTS = YES;
				CLANG_WARN_EMPTY_BODY = YES;
				CLANG_WARN_ENUM_CONVERSION = YES;
				CLANG_WARN_INFINITE_RECURSION = YES;
				CLANG_WARN_INT_CONVERSION = YES;
				CLANG_WARN_NON_LITERAL_NULL_CONVERSION = YES;
				CLANG_WARN_OBJC_IMPLICIT_RETAIN_SELF = YES;
				CLANG_WARN_OBJC_LITERAL_CONVERSION = YES;
				CLANG_WARN_OBJC_ROOT_CLASS = YES_ERROR;
				CLANG_WARN_QUOTED_INCLUDE_IN_FRAMEWORK_HEADER = YES;
				CLANG_WARN_RANGE_LOOP_ANALYSIS = YES;
				CLANG_WARN_STRICT_PROTOTYPES = YES;
				CLANG_WARN_SUSPICIOUS_MOVE = YES;
				CLANG_WARN_UNGUARDED_AVAILABILITY = YES_AGGRESSIVE;
				CLANG_WARN_UNREACHABLE_CODE = YES;
				CLANG_WARN__DUPLICATE_METHOD_MATCH = YES;
				COPY_PHASE_STRIP = NO;
				DEBUG_INFORMATION_FORMAT = dwarf;
				ENABLE_STRICT_OBJC_MSGSEND = YES;
				ENABLE_TESTABILITY = YES;
				ENABLE_USER_SCRIPT_SANDBOXING = YES;
				GCC_C_LANGUAGE_STANDARD = gnu17;
				GCC_DYNAMIC_NO_PIC = NO;
				GCC_NO_COMMON_BLOCKS = YES;
				GCC_OPTIMIZATION_LEVEL = 0;
				GCC_PREPROCESSOR_DEFINITIONS = (
					"DEBUG=1",
					"$(inherited)",
				);
				GCC_WARN_64_TO_32_BIT_CONVERSION = YES;
				GCC_WARN_ABOUT_RETURN_TYPE = YES_ERROR;
				GCC_WARN_UNDECLARED_SELECTOR = YES;
				GCC_WARN_UNINITIALIZED_AUTOS = YES_AGGRESSIVE;
				GCC_WARN_UNUSED_FUNCTION = YES;
				GCC_WARN_UNUSED_VARIABLE = YES;
				LOCALIZATION_PREFERS_STRING_CATALOGS = YES;
				MTL_ENABLE_DEBUG_INFO = INCLUDE_SOURCE;
				MTL_FAST_MATH = YES;
				ONLY_ACTIVE_ARCH = YES;
				SWIFT_ACTIVE_COMPILATION_CONDITIONS = "DEBUG $(inherited)";
				SWIFT_OPTIMIZATION_LEVEL = "-Onone";
			};
			name = Debug;
		};
		0FE011362D3F8918007A7B5B /* Release */ = {
			isa = XCBuildConfiguration;
			buildSettings = {
				ALWAYS_SEARCH_USER_PATHS = NO;
				ASSETCATALOG_COMPILER_GENERATE_SWIFT_ASSET_SYMBOL_EXTENSIONS = YES;
				CLANG_ANALYZER_NONNULL = YES;
				CLANG_ANALYZER_NUMBER_OBJECT_CONVERSION = YES_AGGRESSIVE;
				CLANG_CXX_LANGUAGE_STANDARD = "gnu++20";
				CLANG_ENABLE_MODULES = YES;
				CLANG_ENABLE_OBJC_ARC = YES;
				CLANG_ENABLE_OBJC_WEAK = YES;
				CLANG_WARN_BLOCK_CAPTURE_AUTORELEASING = YES;
				CLANG_WARN_BOOL_CONVERSION = YES;
				CLANG_WARN_COMMA = YES;
				CLANG_WARN_CONSTANT_CONVERSION = YES;
				CLANG_WARN_DEPRECATED_OBJC_IMPLEMENTATIONS = YES;
				CLANG_WARN_DIRECT_OBJC_ISA_USAGE = YES_ERROR;
				CLANG_WARN_DOCUMENTATION_COMMENTS = YES;
				CLANG_WARN_EMPTY_BODY = YES;
				CLANG_WARN_ENUM_CONVERSION = YES;
				CLANG_WARN_INFINITE_RECURSION = YES;
				CLANG_WARN_INT_CONVERSION = YES;
				CLANG_WARN_NON_LITERAL_NULL_CONVERSION = YES;
				CLANG_WARN_OBJC_IMPLICIT_RETAIN_SELF = YES;
				CLANG_WARN_OBJC_LITERAL_CONVERSION = YES;
				CLANG_WARN_OBJC_ROOT_CLASS = YES_ERROR;
				CLANG_WARN_QUOTED_INCLUDE_IN_FRAMEWORK_HEADER = YES;
				CLANG_WARN_RANGE_LOOP_ANALYSIS = YES;
				CLANG_WARN_STRICT_PROTOTYPES = YES;
				CLANG_WARN_SUSPICIOUS_MOVE = YES;
				CLANG_WARN_UNGUARDED_AVAILABILITY = YES_AGGRESSIVE;
				CLANG_WARN_UNREACHABLE_CODE = YES;
				CLANG_WARN__DUPLICATE_METHOD_MATCH = YES;
				COPY_PHASE_STRIP = NO;
				DEBUG_INFORMATION_FORMAT = "dwarf-with-dsym";
				ENABLE_NS_ASSERTIONS = NO;
				ENABLE_STRICT_OBJC_MSGSEND = YES;
				ENABLE_USER_SCRIPT_SANDBOXING = YES;
				GCC_C_LANGUAGE_STANDARD = gnu17;
				GCC_NO_COMMON_BLOCKS = YES;
				GCC_WARN_64_TO_32_BIT_CONVERSION = YES;
				GCC_WARN_ABOUT_RETURN_TYPE = YES_ERROR;
				GCC_WARN_UNDECLARED_SELECTOR = YES;
				GCC_WARN_UNINITIALIZED_AUTOS = YES_AGGRESSIVE;
				GCC_WARN_UNUSED_FUNCTION = YES;
				GCC_WARN_UNUSED_VARIABLE = YES;
				LOCALIZATION_PREFERS_STRING_CATALOGS = YES;
				MTL_ENABLE_DEBUG_INFO = NO;
				MTL_FAST_MATH = YES;
				SWIFT_COMPILATION_MODE = wholemodule;
			};
			name = Release;
		};
		0FE011382D3F8918007A7B5B /* Debug */ = {
			isa = XCBuildConfiguration;
			baseConfigurationReference = 69280B529BD41D99335B9A8A /* Pods-FLICK.debug.xcconfig */;
			buildSettings = {
				ASSETCATALOG_COMPILER_APPICON_NAME = AppIcon;
				ASSETCATALOG_COMPILER_GLOBAL_ACCENT_COLOR_NAME = AccentColor;
				CODE_SIGN_ENTITLEMENTS = FLICK/FLICK.entitlements;
				CODE_SIGN_STYLE = Automatic;
				CURRENT_PROJECT_VERSION = 1;
				DEVELOPMENT_ASSET_PATHS = "\"FLICK/Preview Content\"";
				DEVELOPMENT_TEAM = URV6Z7L2X4;
				ENABLE_HARDENED_RUNTIME = YES;
				ENABLE_PREVIEWS = YES;
				ENABLE_USER_SCRIPT_SANDBOXING = NO;
				GENERATE_INFOPLIST_FILE = YES;
				"INFOPLIST_KEY_UIApplicationSceneManifest_Generation[sdk=iphoneos*]" = YES;
				"INFOPLIST_KEY_UIApplicationSceneManifest_Generation[sdk=iphonesimulator*]" = YES;
				"INFOPLIST_KEY_UIApplicationSupportsIndirectInputEvents[sdk=iphoneos*]" = YES;
				"INFOPLIST_KEY_UIApplicationSupportsIndirectInputEvents[sdk=iphonesimulator*]" = YES;
				"INFOPLIST_KEY_UILaunchScreen_Generation[sdk=iphoneos*]" = YES;
				"INFOPLIST_KEY_UILaunchScreen_Generation[sdk=iphonesimulator*]" = YES;
				"INFOPLIST_KEY_UIStatusBarStyle[sdk=iphoneos*]" = UIStatusBarStyleDefault;
				"INFOPLIST_KEY_UIStatusBarStyle[sdk=iphonesimulator*]" = UIStatusBarStyleDefault;
				INFOPLIST_KEY_UISupportedInterfaceOrientations_iPad = "UIInterfaceOrientationPortrait UIInterfaceOrientationPortraitUpsideDown UIInterfaceOrientationLandscapeLeft UIInterfaceOrientationLandscapeRight";
				INFOPLIST_KEY_UISupportedInterfaceOrientations_iPhone = "UIInterfaceOrientationPortrait UIInterfaceOrientationLandscapeLeft UIInterfaceOrientationLandscapeRight";
				IPHONEOS_DEPLOYMENT_TARGET = 18.0;
				LD_RUNPATH_SEARCH_PATHS = "@executable_path/Frameworks";
				"LD_RUNPATH_SEARCH_PATHS[sdk=macosx*]" = "@executable_path/../Frameworks";
				MACOSX_DEPLOYMENT_TARGET = 15.0;
				MARKETING_VERSION = 1.0;
				PRODUCT_BUNDLE_IDENTIFIER = douzi.FLICK;
				PRODUCT_NAME = "$(TARGET_NAME)";
				SDKROOT = auto;
				SUPPORTED_PLATFORMS = "iphoneos iphonesimulator macosx xros xrsimulator";
				SWIFT_EMIT_LOC_STRINGS = YES;
				SWIFT_VERSION = 5.0;
				TARGETED_DEVICE_FAMILY = "1,2,7";
				XROS_DEPLOYMENT_TARGET = 2.2;
			};
			name = Debug;
		};
		0FE011392D3F8918007A7B5B /* Release */ = {
			isa = XCBuildConfiguration;
			baseConfigurationReference = 86F3D11263960D4B8A7A2BEE /* Pods-FLICK.release.xcconfig */;
			buildSettings = {
				ASSETCATALOG_COMPILER_APPICON_NAME = AppIcon;
				ASSETCATALOG_COMPILER_GLOBAL_ACCENT_COLOR_NAME = AccentColor;
				CODE_SIGN_ENTITLEMENTS = FLICK/FLICK.entitlements;
				CODE_SIGN_STYLE = Automatic;
				CURRENT_PROJECT_VERSION = 1;
				DEVELOPMENT_ASSET_PATHS = "\"FLICK/Preview Content\"";
				DEVELOPMENT_TEAM = URV6Z7L2X4;
				ENABLE_HARDENED_RUNTIME = YES;
				ENABLE_PREVIEWS = YES;
				ENABLE_USER_SCRIPT_SANDBOXING = NO;
				GENERATE_INFOPLIST_FILE = YES;
				"INFOPLIST_KEY_UIApplicationSceneManifest_Generation[sdk=iphoneos*]" = YES;
				"INFOPLIST_KEY_UIApplicationSceneManifest_Generation[sdk=iphonesimulator*]" = YES;
				"INFOPLIST_KEY_UIApplicationSupportsIndirectInputEvents[sdk=iphoneos*]" = YES;
				"INFOPLIST_KEY_UIApplicationSupportsIndirectInputEvents[sdk=iphonesimulator*]" = YES;
				"INFOPLIST_KEY_UILaunchScreen_Generation[sdk=iphoneos*]" = YES;
				"INFOPLIST_KEY_UILaunchScreen_Generation[sdk=iphonesimulator*]" = YES;
				"INFOPLIST_KEY_UIStatusBarStyle[sdk=iphoneos*]" = UIStatusBarStyleDefault;
				"INFOPLIST_KEY_UIStatusBarStyle[sdk=iphonesimulator*]" = UIStatusBarStyleDefault;
				INFOPLIST_KEY_UISupportedInterfaceOrientations_iPad = "UIInterfaceOrientationPortrait UIInterfaceOrientationPortraitUpsideDown UIInterfaceOrientationLandscapeLeft UIInterfaceOrientationLandscapeRight";
				INFOPLIST_KEY_UISupportedInterfaceOrientations_iPhone = "UIInterfaceOrientationPortrait UIInterfaceOrientationLandscapeLeft UIInterfaceOrientationLandscapeRight";
				IPHONEOS_DEPLOYMENT_TARGET = 18.0;
				LD_RUNPATH_SEARCH_PATHS = "@executable_path/Frameworks";
				"LD_RUNPATH_SEARCH_PATHS[sdk=macosx*]" = "@executable_path/../Frameworks";
				MACOSX_DEPLOYMENT_TARGET = 15.0;
				MARKETING_VERSION = 1.0;
				PRODUCT_BUNDLE_IDENTIFIER = douzi.FLICK;
				PRODUCT_NAME = "$(TARGET_NAME)";
				SDKROOT = auto;
				SUPPORTED_PLATFORMS = "iphoneos iphonesimulator macosx xros xrsimulator";
				SWIFT_EMIT_LOC_STRINGS = YES;
				SWIFT_VERSION = 5.0;
				TARGETED_DEVICE_FAMILY = "1,2,7";
				XROS_DEPLOYMENT_TARGET = 2.2;
			};
			name = Release;
		};
		0FE0113B2D3F8918007A7B5B /* Debug */ = {
			isa = XCBuildConfiguration;
			baseConfigurationReference = D9DF3CC27FBC845A4EF4147A /* Pods-FLICKTests.debug.xcconfig */;
			buildSettings = {
				BUNDLE_LOADER = "$(TEST_HOST)";
				CODE_SIGN_STYLE = Automatic;
				CURRENT_PROJECT_VERSION = 1;
				DEVELOPMENT_TEAM = URV6Z7L2X4;
				GENERATE_INFOPLIST_FILE = YES;
				IPHONEOS_DEPLOYMENT_TARGET = 18.2;
				MACOSX_DEPLOYMENT_TARGET = 15.0;
				MARKETING_VERSION = 1.0;
				PRODUCT_BUNDLE_IDENTIFIER = douzi.FLICKTests;
				PRODUCT_NAME = "$(TARGET_NAME)";
				SDKROOT = auto;
				SUPPORTED_PLATFORMS = "iphoneos iphonesimulator macosx xros xrsimulator";
				SWIFT_EMIT_LOC_STRINGS = NO;
				SWIFT_VERSION = 5.0;
				TARGETED_DEVICE_FAMILY = "1,2,7";
				TEST_HOST = "$(BUILT_PRODUCTS_DIR)/FLICK.app/$(BUNDLE_EXECUTABLE_FOLDER_PATH)/FLICK";
				XROS_DEPLOYMENT_TARGET = 2.2;
			};
			name = Debug;
		};
		0FE0113C2D3F8918007A7B5B /* Release */ = {
			isa = XCBuildConfiguration;
			baseConfigurationReference = BA371AB341501276068E352A /* Pods-FLICKTests.release.xcconfig */;
			buildSettings = {
				BUNDLE_LOADER = "$(TEST_HOST)";
				CODE_SIGN_STYLE = Automatic;
				CURRENT_PROJECT_VERSION = 1;
				DEVELOPMENT_TEAM = URV6Z7L2X4;
				GENERATE_INFOPLIST_FILE = YES;
				IPHONEOS_DEPLOYMENT_TARGET = 18.2;
				MACOSX_DEPLOYMENT_TARGET = 15.0;
				MARKETING_VERSION = 1.0;
				PRODUCT_BUNDLE_IDENTIFIER = douzi.FLICKTests;
				PRODUCT_NAME = "$(TARGET_NAME)";
				SDKROOT = auto;
				SUPPORTED_PLATFORMS = "iphoneos iphonesimulator macosx xros xrsimulator";
				SWIFT_EMIT_LOC_STRINGS = NO;
				SWIFT_VERSION = 5.0;
				TARGETED_DEVICE_FAMILY = "1,2,7";
				TEST_HOST = "$(BUILT_PRODUCTS_DIR)/FLICK.app/$(BUNDLE_EXECUTABLE_FOLDER_PATH)/FLICK";
				XROS_DEPLOYMENT_TARGET = 2.2;
			};
			name = Release;
		};
		0FE0113E2D3F8918007A7B5B /* Debug */ = {
			isa = XCBuildConfiguration;
			baseConfigurationReference = 96F8CC5FDA7E45D5F60732F6 /* Pods-FLICK-FLICKUITests.debug.xcconfig */;
			buildSettings = {
				CODE_SIGN_STYLE = Automatic;
				CURRENT_PROJECT_VERSION = 1;
				DEVELOPMENT_TEAM = URV6Z7L2X4;
				GENERATE_INFOPLIST_FILE = YES;
				IPHONEOS_DEPLOYMENT_TARGET = 18.2;
				MACOSX_DEPLOYMENT_TARGET = 15.0;
				MARKETING_VERSION = 1.0;
				PRODUCT_BUNDLE_IDENTIFIER = douzi.FLICKUITests;
				PRODUCT_NAME = "$(TARGET_NAME)";
				SDKROOT = auto;
				SUPPORTED_PLATFORMS = "iphoneos iphonesimulator macosx xros xrsimulator";
				SWIFT_EMIT_LOC_STRINGS = NO;
				SWIFT_VERSION = 5.0;
				TARGETED_DEVICE_FAMILY = "1,2,7";
				TEST_TARGET_NAME = FLICK;
				XROS_DEPLOYMENT_TARGET = 2.2;
			};
			name = Debug;
		};
		0FE0113F2D3F8918007A7B5B /* Release */ = {
			isa = XCBuildConfiguration;
			baseConfigurationReference = 518425EBC38DE01E5777E931 /* Pods-FLICK-FLICKUITests.release.xcconfig */;
			buildSettings = {
				CODE_SIGN_STYLE = Automatic;
				CURRENT_PROJECT_VERSION = 1;
				DEVELOPMENT_TEAM = URV6Z7L2X4;
				GENERATE_INFOPLIST_FILE = YES;
				IPHONEOS_DEPLOYMENT_TARGET = 18.2;
				MACOSX_DEPLOYMENT_TARGET = 15.0;
				MARKETING_VERSION = 1.0;
				PRODUCT_BUNDLE_IDENTIFIER = douzi.FLICKUITests;
				PRODUCT_NAME = "$(TARGET_NAME)";
				SDKROOT = auto;
				SUPPORTED_PLATFORMS = "iphoneos iphonesimulator macosx xros xrsimulator";
				SWIFT_EMIT_LOC_STRINGS = NO;
				SWIFT_VERSION = 5.0;
				TARGETED_DEVICE_FAMILY = "1,2,7";
				TEST_TARGET_NAME = FLICK;
				XROS_DEPLOYMENT_TARGET = 2.2;
			};
			name = Release;
		};
/* End XCBuildConfiguration section */

/* Begin XCConfigurationList section */
		0FE0110D2D3F8916007A7B5B /* Build configuration list for PBXProject "FLICK" */ = {
			isa = XCConfigurationList;
			buildConfigurations = (
				0FE011352D3F8918007A7B5B /* Debug */,
				0FE011362D3F8918007A7B5B /* Release */,
			);
			defaultConfigurationIsVisible = 0;
			defaultConfigurationName = Release;
		};
		0FE011372D3F8918007A7B5B /* Build configuration list for PBXNativeTarget "FLICK" */ = {
			isa = XCConfigurationList;
			buildConfigurations = (
				0FE011382D3F8918007A7B5B /* Debug */,
				0FE011392D3F8918007A7B5B /* Release */,
			);
			defaultConfigurationIsVisible = 0;
			defaultConfigurationName = Release;
		};
		0FE0113A2D3F8918007A7B5B /* Build configuration list for PBXNativeTarget "FLICKTests" */ = {
			isa = XCConfigurationList;
			buildConfigurations = (
				0FE0113B2D3F8918007A7B5B /* Debug */,
				0FE0113C2D3F8918007A7B5B /* Release */,
			);
			defaultConfigurationIsVisible = 0;
			defaultConfigurationName = Release;
		};
		0FE0113D2D3F8918007A7B5B /* Build configuration list for PBXNativeTarget "FLICKUITests" */ = {
			isa = XCConfigurationList;
			buildConfigurations = (
				0FE0113E2D3F8918007A7B5B /* Debug */,
				0FE0113F2D3F8918007A7B5B /* Release */,
			);
			defaultConfigurationIsVisible = 0;
			defaultConfigurationName = Release;
		};
/* End XCConfigurationList section */

/* Begin XCRemoteSwiftPackageReference section */
		9E1826E42D53B86F009870EE /* XCRemoteSwiftPackageReference "firebase-ios-sdk" */ = {
			isa = XCRemoteSwiftPackageReference;
			repositoryURL = "https://github.com/firebase/firebase-ios-sdk";
			requirement = {
				kind = upToNextMajorVersion;
				minimumVersion = 11.8.1;
			};
		};
/* End XCRemoteSwiftPackageReference section */

/* Begin XCSwiftPackageProductDependency section */
		9E1826E52D53B86F009870EE /* FirebaseAnalytics */ = {
			isa = XCSwiftPackageProductDependency;
			package = 9E1826E42D53B86F009870EE /* XCRemoteSwiftPackageReference "firebase-ios-sdk" */;
			productName = FirebaseAnalytics;
		};
		9E8C71352D539BA90057BBDB /* FirebaseAnalytics */ = {
			isa = XCSwiftPackageProductDependency;
			productName = FirebaseAnalytics;
		};
/* End XCSwiftPackageProductDependency section */
	};
	rootObject = 0FE0110A2D3F8916007A7B5B /* Project object */;
}
