// !$*UTF8*$!
{
	archiveVersion = 1;
	classes = {
	};
	objectVersion = 77;
	objects = {

/* Begin PBXBuildFile section */
		9E3F082C2D6AE23400E2EC1B /* AccountEntity+CoreDataProperties.swift in Sources */ = {isa = PBXBuildFile; fileRef = 9E3F08252D6AE23400E2EC1B /* AccountEntity+CoreDataProperties.swift */; };
		9E3F082D2D6AE23400E2EC1B /* TaskEntity+CoreDataClass.swift in Sources */ = {isa = PBXBuildFile; fileRef = 9E3F082A2D6AE23400E2EC1B /* TaskEntity+CoreDataClass.swift */; };
		9E3F082E2D6AE23400E2EC1B /* InvoiceEntity+CoreDataClass.swift in Sources */ = {isa = PBXBuildFile; fileRef = 9E3F08262D6AE23400E2EC1B /* InvoiceEntity+CoreDataClass.swift */; };
		9E3F082F2D6AE23400E2EC1B /* InvoiceEntity+CoreDataProperties.swift in Sources */ = {isa = PBXBuildFile; fileRef = 9E3F08272D6AE23400E2EC1B /* InvoiceEntity+CoreDataProperties.swift */; };
		9E3F08302D6AE23400E2EC1B /* ProjectEntity+CoreDataProperties.swift in Sources */ = {isa = PBXBuildFile; fileRef = 9E3F08292D6AE23400E2EC1B /* ProjectEntity+CoreDataProperties.swift */; };
		9E3F08312D6AE23400E2EC1B /* AccountEntity+CoreDataClass.swift in Sources */ = {isa = PBXBuildFile; fileRef = 9E3F08242D6AE23400E2EC1B /* AccountEntity+CoreDataClass.swift */; };
		9E3F08322D6AE23400E2EC1B /* TaskEntity+CoreDataProperties.swift in Sources */ = {isa = PBXBuildFile; fileRef = 9E3F082B2D6AE23400E2EC1B /* TaskEntity+CoreDataProperties.swift */; };
		9E3F08332D6AE23400E2EC1B /* ProjectEntity+CoreDataClass.swift in Sources */ = {isa = PBXBuildFile; fileRef = 9E3F08282D6AE23400E2EC1B /* ProjectEntity+CoreDataClass.swift */; };
		9EAAE6832D69F11800131C8A /* LocationPhotoEntity+CoreDataClass.swift in Sources */ = {isa = PBXBuildFile; fileRef = 9EAAE6812D69F11800131C8A /* LocationPhotoEntity+CoreDataClass.swift */; };
		9EAAE6842D69F11800131C8A /* LocationEntity+CoreDataClass.swift in Sources */ = {isa = PBXBuildFile; fileRef = 9EAAE67F2D69F11800131C8A /* LocationEntity+CoreDataClass.swift */; };
		9EAAE6852D69F11800131C8A /* LocationEntity+CoreDataProperties.swift in Sources */ = {isa = PBXBuildFile; fileRef = 9EAAE6802D69F11800131C8A /* LocationEntity+CoreDataProperties.swift */; };
		9EAAE6862D69F11800131C8A /* LocationPhotoEntity+CoreDataProperties.swift in Sources */ = {isa = PBXBuildFile; fileRef = 9EAAE6822D69F11800131C8A /* LocationPhotoEntity+CoreDataProperties.swift */; };
		9EE021442D64FDC300C45E79 /* ZIPFoundation in Frameworks */ = {isa = PBXBuildFile; productRef = 9EE021432D64FDC300C45E79 /* ZIPFoundation */; };
/* End PBXBuildFile section */

/* Begin PBXContainerItemProxy section */
		0FE011242D3F8918007A7B5B /* PBXContainerItemProxy */ = {
			isa = PBXContainerItemProxy;
			containerPortal = 0FE0110A2D3F8916007A7B5B /* Project object */;
			proxyType = 1;
			remoteGlobalIDString = 0FE011112D3F8916007A7B5B;
			remoteInfo = FLICK;
		};
		0FE0112E2D3F8918007A7B5B /* PBXContainerItemProxy */ = {
			isa = PBXContainerItemProxy;
			containerPortal = 0FE0110A2D3F8916007A7B5B /* Project object */;
			proxyType = 1;
			remoteGlobalIDString = 0FE011112D3F8916007A7B5B;
			remoteInfo = FLICK;
		};
/* End PBXContainerItemProxy section */

/* Begin PBXFileReference section */
		0FE011122D3F8916007A7B5B /* FLICK.app */ = {isa = PBXFileReference; explicitFileType = wrapper.application; includeInIndex = 0; path = FLICK.app; sourceTree = BUILT_PRODUCTS_DIR; };
		0FE011232D3F8918007A7B5B /* FLICKTests.xctest */ = {isa = PBXFileReference; explicitFileType = wrapper.cfbundle; includeInIndex = 0; path = FLICKTests.xctest; sourceTree = BUILT_PRODUCTS_DIR; };
		0FE0112D2D3F8918007A7B5B /* FLICKUITests.xctest */ = {isa = PBXFileReference; explicitFileType = wrapper.cfbundle; includeInIndex = 0; path = FLICKUITests.xctest; sourceTree = BUILT_PRODUCTS_DIR; };
		9E3F08242D6AE23400E2EC1B /* AccountEntity+CoreDataClass.swift */ = {isa = PBXFileReference; lastKnownFileType = sourcecode.swift; path = "AccountEntity+CoreDataClass.swift"; sourceTree = "<group>"; };
		9E3F08252D6AE23400E2EC1B /* AccountEntity+CoreDataProperties.swift */ = {isa = PBXFileReference; lastKnownFileType = sourcecode.swift; path = "AccountEntity+CoreDataProperties.swift"; sourceTree = "<group>"; };
		9E3F08262D6AE23400E2EC1B /* InvoiceEntity+CoreDataClass.swift */ = {isa = PBXFileReference; lastKnownFileType = sourcecode.swift; path = "InvoiceEntity+CoreDataClass.swift"; sourceTree = "<group>"; };
		9E3F08272D6AE23400E2EC1B /* InvoiceEntity+CoreDataProperties.swift */ = {isa = PBXFileReference; lastKnownFileType = sourcecode.swift; path = "InvoiceEntity+CoreDataProperties.swift"; sourceTree = "<group>"; };
		9E3F08282D6AE23400E2EC1B /* ProjectEntity+CoreDataClass.swift */ = {isa = PBXFileReference; lastKnownFileType = sourcecode.swift; path = "ProjectEntity+CoreDataClass.swift"; sourceTree = "<group>"; };
		9E3F08292D6AE23400E2EC1B /* ProjectEntity+CoreDataProperties.swift */ = {isa = PBXFileReference; lastKnownFileType = sourcecode.swift; path = "ProjectEntity+CoreDataProperties.swift"; sourceTree = "<group>"; };
		9E3F082A2D6AE23400E2EC1B /* TaskEntity+CoreDataClass.swift */ = {isa = PBXFileReference; lastKnownFileType = sourcecode.swift; path = "TaskEntity+CoreDataClass.swift"; sourceTree = "<group>"; };
		9E3F082B2D6AE23400E2EC1B /* TaskEntity+CoreDataProperties.swift */ = {isa = PBXFileReference; lastKnownFileType = sourcecode.swift; path = "TaskEntity+CoreDataProperties.swift"; sourceTree = "<group>"; };
		9EAAE67F2D69F11800131C8A /* LocationEntity+CoreDataClass.swift */ = {isa = PBXFileReference; lastKnownFileType = sourcecode.swift; path = "LocationEntity+CoreDataClass.swift"; sourceTree = "<group>"; };
		9EAAE6802D69F11800131C8A /* LocationEntity+CoreDataProperties.swift */ = {isa = PBXFileReference; lastKnownFileType = sourcecode.swift; path = "LocationEntity+CoreDataProperties.swift"; sourceTree = "<group>"; };
		9EAAE6812D69F11800131C8A /* LocationPhotoEntity+CoreDataClass.swift */ = {isa = PBXFileReference; lastKnownFileType = sourcecode.swift; path = "LocationPhotoEntity+CoreDataClass.swift"; sourceTree = "<group>"; };
		9EAAE6822D69F11800131C8A /* LocationPhotoEntity+CoreDataProperties.swift */ = {isa = PBXFileReference; lastKnownFileType = sourcecode.swift; path = "LocationPhotoEntity+CoreDataProperties.swift"; sourceTree = "<group>"; };
/* End PBXFileReference section */

/* Begin PBXFileSystemSynchronizedBuildFileExceptionSet section */
		9E722F5D2D625EBF003D8971 /* Exceptions for "FLICK" folder in "FLICK" target */ = {
			isa = PBXFileSystemSynchronizedBuildFileExceptionSet;
			membershipExceptions = (
				Info.plist,
			);
			target = 0FE011112D3F8916007A7B5B /* FLICK */;
		};
/* End PBXFileSystemSynchronizedBuildFileExceptionSet section */

/* Begin PBXFileSystemSynchronizedRootGroup section */
		0FE011142D3F8916007A7B5B /* FLICK */ = {
			isa = PBXFileSystemSynchronizedRootGroup;
			exceptions = (
				9E722F5D2D625EBF003D8971 /* Exceptions for "FLICK" folder in "FLICK" target */,
			);
			path = FLICK;
			sourceTree = "<group>";
		};
		0FE011262D3F8918007A7B5B /* FLICKTests */ = {
			isa = PBXFileSystemSynchronizedRootGroup;
			path = FLICKTests;
			sourceTree = "<group>";
		};
		0FE011302D3F8918007A7B5B /* FLICKUITests */ = {
			isa = PBXFileSystemSynchronizedRootGroup;
			path = FLICKUITests;
			sourceTree = "<group>";
		};
/* End PBXFileSystemSynchronizedRootGroup section */

/* Begin PBXFrameworksBuildPhase section */
		0FE0110F2D3F8916007A7B5B /* Frameworks */ = {
			isa = PBXFrameworksBuildPhase;
			buildActionMask = 2147483647;
			files = (
				9EE021442D64FDC300C45E79 /* ZIPFoundation in Frameworks */,
			);
			runOnlyForDeploymentPostprocessing = 0;
		};
		0FE011202D3F8918007A7B5B /* Frameworks */ = {
			isa = PBXFrameworksBuildPhase;
			buildActionMask = 2147483647;
			files = (
			);
			runOnlyForDeploymentPostprocessing = 0;
		};
		0FE0112A2D3F8918007A7B5B /* Frameworks */ = {
			isa = PBXFrameworksBuildPhase;
			buildActionMask = 2147483647;
			files = (
			);
			runOnlyForDeploymentPostprocessing = 0;
		};
/* End PBXFrameworksBuildPhase section */

/* Begin PBXGroup section */
		0FE011092D3F8916007A7B5B = {
			isa = PBXGroup;
			children = (
				9E3F08242D6AE23400E2EC1B /* AccountEntity+CoreDataClass.swift */,
				9E3F08252D6AE23400E2EC1B /* AccountEntity+CoreDataProperties.swift */,
				9E3F08262D6AE23400E2EC1B /* InvoiceEntity+CoreDataClass.swift */,
				9E3F08272D6AE23400E2EC1B /* InvoiceEntity+CoreDataProperties.swift */,
				9E3F08282D6AE23400E2EC1B /* ProjectEntity+CoreDataClass.swift */,
				9E3F08292D6AE23400E2EC1B /* ProjectEntity+CoreDataProperties.swift */,
				9E3F082A2D6AE23400E2EC1B /* TaskEntity+CoreDataClass.swift */,
				9E3F082B2D6AE23400E2EC1B /* TaskEntity+CoreDataProperties.swift */,
				9EAAE67F2D69F11800131C8A /* LocationEntity+CoreDataClass.swift */,
				9EAAE6802D69F11800131C8A /* LocationEntity+CoreDataProperties.swift */,
				9EAAE6812D69F11800131C8A /* LocationPhotoEntity+CoreDataClass.swift */,
				9EAAE6822D69F11800131C8A /* LocationPhotoEntity+CoreDataProperties.swift */,
				0FE011142D3F8916007A7B5B /* FLICK */,
				0FE011262D3F8918007A7B5B /* FLICKTests */,
				0FE011302D3F8918007A7B5B /* FLICKUITests */,
				0FE011132D3F8916007A7B5B /* Products */,
				C4045079DDDC540AAB77A42A /* Frameworks */,
			);
			sourceTree = "<group>";
		};
		0FE011132D3F8916007A7B5B /* Products */ = {
			isa = PBXGroup;
			children = (
				0FE011122D3F8916007A7B5B /* FLICK.app */,
				0FE011232D3F8918007A7B5B /* FLICKTests.xctest */,
				0FE0112D2D3F8918007A7B5B /* FLICKUITests.xctest */,
			);
			name = Products;
			sourceTree = "<group>";
		};
		C4045079DDDC540AAB77A42A /* Frameworks */ = {
			isa = PBXGroup;
			children = (
			);
			name = Frameworks;
			sourceTree = "<group>";
		};
/* End PBXGroup section */

/* Begin PBXNativeTarget section */
		0FE011112D3F8916007A7B5B /* FLICK */ = {
			isa = PBXNativeTarget;
			buildConfigurationList = 0FE011372D3F8918007A7B5B /* Build configuration list for PBXNativeTarget "FLICK" */;
			buildPhases = (
				0FE0110E2D3F8916007A7B5B /* Sources */,
				0FE0110F2D3F8916007A7B5B /* Frameworks */,
				0FE011102D3F8916007A7B5B /* Resources */,
			);
			buildRules = (
			);
			dependencies = (
			);
			fileSystemSynchronizedGroups = (
				0FE011142D3F8916007A7B5B /* FLICK */,
			);
			name = FLICK;
			productName = FLICK;
			productReference = 0FE011122D3F8916007A7B5B /* FLICK.app */;
			productType = "com.apple.product-type.application";
		};
		0FE011222D3F8918007A7B5B /* FLICKTests */ = {
			isa = PBXNativeTarget;
			buildConfigurationList = 0FE0113A2D3F8918007A7B5B /* Build configuration list for PBXNativeTarget "FLICKTests" */;
			buildPhases = (
				0FE0111F2D3F8918007A7B5B /* Sources */,
				0FE011202D3F8918007A7B5B /* Frameworks */,
				0FE011212D3F8918007A7B5B /* Resources */,
			);
			buildRules = (
			);
			dependencies = (
				0FE011252D3F8918007A7B5B /* PBXTargetDependency */,
			);
			fileSystemSynchronizedGroups = (
				0FE011262D3F8918007A7B5B /* FLICKTests */,
			);
			name = FLICKTests;
			productName = FLICKTests;
			productReference = 0FE011232D3F8918007A7B5B /* FLICKTests.xctest */;
			productType = "com.apple.product-type.bundle.unit-test";
		};
		0FE0112C2D3F8918007A7B5B /* FLICKUITests */ = {
			isa = PBXNativeTarget;
			buildConfigurationList = 0FE0113D2D3F8918007A7B5B /* Build configuration list for PBXNativeTarget "FLICKUITests" */;
			buildPhases = (
				0FE011292D3F8918007A7B5B /* Sources */,
				0FE0112A2D3F8918007A7B5B /* Frameworks */,
				0FE0112B2D3F8918007A7B5B /* Resources */,
			);
			buildRules = (
			);
			dependencies = (
				0FE0112F2D3F8918007A7B5B /* PBXTargetDependency */,
			);
			fileSystemSynchronizedGroups = (
				0FE011302D3F8918007A7B5B /* FLICKUITests */,
			);
			name = FLICKUITests;
			productName = FLICKUITests;
			productReference = 0FE0112D2D3F8918007A7B5B /* FLICKUITests.xctest */;
			productType = "com.apple.product-type.bundle.ui-testing";
		};
/* End PBXNativeTarget section */

/* Begin PBXProject section */
		0FE0110A2D3F8916007A7B5B /* Project object */ = {
			isa = PBXProject;
			attributes = {
				BuildIndependentTargetsInParallel = 1;
				LastSwiftUpdateCheck = 1620;
				LastUpgradeCheck = 1620;
				TargetAttributes = {
					0FE011112D3F8916007A7B5B = {
						CreatedOnToolsVersion = 16.2;
					};
					0FE011222D3F8918007A7B5B = {
						CreatedOnToolsVersion = 16.2;
						TestTargetID = 0FE011112D3F8916007A7B5B;
					};
					0FE0112C2D3F8918007A7B5B = {
						CreatedOnToolsVersion = 16.2;
						TestTargetID = 0FE011112D3F8916007A7B5B;
					};
				};
			};
			buildConfigurationList = 0FE0110D2D3F8916007A7B5B /* Build configuration list for PBXProject "FLICK" */;
			developmentRegion = en;
			hasScannedForEncodings = 0;
			knownRegions = (
				en,
				Base,
			);
			mainGroup = 0FE011092D3F8916007A7B5B;
			minimizedProjectReferenceProxies = 1;
			packageReferences = (
				9EE021422D64FDC300C45E79 /* XCRemoteSwiftPackageReference "ZIPFoundation" */,
			);
			preferredProjectObjectVersion = 77;
			productRefGroup = 0FE011132D3F8916007A7B5B /* Products */;
			projectDirPath = "";
			projectRoot = "";
			targets = (
				0FE011112D3F8916007A7B5B /* FLICK */,
				0FE011222D3F8918007A7B5B /* FLICKTests */,
				0FE0112C2D3F8918007A7B5B /* FLICKUITests */,
			);
		};
/* End PBXProject section */

/* Begin PBXResourcesBuildPhase section */
		0FE011102D3F8916007A7B5B /* Resources */ = {
			isa = PBXResourcesBuildPhase;
			buildActionMask = 2147483647;
			files = (
			);
			runOnlyForDeploymentPostprocessing = 0;
		};
		0FE011212D3F8918007A7B5B /* Resources */ = {
			isa = PBXResourcesBuildPhase;
			buildActionMask = 2147483647;
			files = (
			);
			runOnlyForDeploymentPostprocessing = 0;
		};
		0FE0112B2D3F8918007A7B5B /* Resources */ = {
			isa = PBXResourcesBuildPhase;
			buildActionMask = 2147483647;
			files = (
			);
			runOnlyForDeploymentPostprocessing = 0;
		};
/* End PBXResourcesBuildPhase section */

/* Begin PBXSourcesBuildPhase section */
		0FE0110E2D3F8916007A7B5B /* Sources */ = {
			isa = PBXSourcesBuildPhase;
			buildActionMask = 2147483647;
			files = (
				9E3F082C2D6AE23400E2EC1B /* AccountEntity+CoreDataProperties.swift in Sources */,
				9E3F082D2D6AE23400E2EC1B /* TaskEntity+CoreDataClass.swift in Sources */,
				9E3F082E2D6AE23400E2EC1B /* InvoiceEntity+CoreDataClass.swift in Sources */,
				9E3F082F2D6AE23400E2EC1B /* InvoiceEntity+CoreDataProperties.swift in Sources */,
				9E3F08302D6AE23400E2EC1B /* ProjectEntity+CoreDataProperties.swift in Sources */,
				9E3F08312D6AE23400E2EC1B /* AccountEntity+CoreDataClass.swift in Sources */,
				9E3F08322D6AE23400E2EC1B /* TaskEntity+CoreDataProperties.swift in Sources */,
				9E3F08332D6AE23400E2EC1B /* ProjectEntity+CoreDataClass.swift in Sources */,
				9EAAE6832D69F11800131C8A /* LocationPhotoEntity+CoreDataClass.swift in Sources */,
				9EAAE6842D69F11800131C8A /* LocationEntity+CoreDataClass.swift in Sources */,
				9EAAE6852D69F11800131C8A /* LocationEntity+CoreDataProperties.swift in Sources */,
				9EAAE6862D69F11800131C8A /* LocationPhotoEntity+CoreDataProperties.swift in Sources */,
			);
			runOnlyForDeploymentPostprocessing = 0;
		};
		0FE0111F2D3F8918007A7B5B /* Sources */ = {
			isa = PBXSourcesBuildPhase;
			buildActionMask = 2147483647;
			files = (
			);
			runOnlyForDeploymentPostprocessing = 0;
		};
		0FE011292D3F8918007A7B5B /* Sources */ = {
			isa = PBXSourcesBuildPhase;
			buildActionMask = 2147483647;
			files = (
			);
			runOnlyForDeploymentPostprocessing = 0;
		};
/* End PBXSourcesBuildPhase section */

/* Begin PBXTargetDependency section */
		0FE011252D3F8918007A7B5B /* PBXTargetDependency */ = {
			isa = PBXTargetDependency;
			target = 0FE011112D3F8916007A7B5B /* FLICK */;
			targetProxy = 0FE011242D3F8918007A7B5B /* PBXContainerItemProxy */;
		};
		0FE0112F2D3F8918007A7B5B /* PBXTargetDependency */ = {
			isa = PBXTargetDependency;
			target = 0FE011112D3F8916007A7B5B /* FLICK */;
			targetProxy = 0FE0112E2D3F8918007A7B5B /* PBXContainerItemProxy */;
		};
/* End PBXTargetDependency section */

/* Begin XCBuildConfiguration section */
		0FE011352D3F8918007A7B5B /* Debug */ = {
			isa = XCBuildConfiguration;
			buildSettings = {
				ALWAYS_SEARCH_USER_PATHS = NO;
				ASSETCATALOG_COMPILER_GENERATE_SWIFT_ASSET_SYMBOL_EXTENSIONS = YES;
				CLANG_ANALYZER_NONNULL = YES;
				CLANG_ANALYZER_NUMBER_OBJECT_CONVERSION = YES_AGGRESSIVE;
				CLANG_CXX_LANGUAGE_STANDARD = "gnu++20";
				CLANG_ENABLE_MODULES = YES;
				CLANG_ENABLE_OBJC_ARC = YES;
				CLANG_ENABLE_OBJC_WEAK = YES;
				CLANG_WARN_BLOCK_CAPTURE_AUTORELEASING = YES;
				CLANG_WARN_BOOL_CONVERSION = YES;
				CLANG_WARN_COMMA = YES;
				CLANG_WARN_CONSTANT_CONVERSION = YES;
				CLANG_WARN_DEPRECATED_OBJC_IMPLEMENTATIONS = YES;
				CLANG_WARN_DIRECT_OBJC_ISA_USAGE = YES_ERROR;
				CLANG_WARN_DOCUMENTATION_COMMENTS = YES;
				CLANG_WARN_EMPTY_BODY = YES;
				CLANG_WARN_ENUM_CONVERSION = YES;
				CLANG_WARN_INFINITE_RECURSION = YES;
				CLANG_WARN_INT_CONVERSION = YES;
				CLANG_WARN_NON_LITERAL_NULL_CONVERSION = YES;
				CLANG_WARN_OBJC_IMPLICIT_RETAIN_SELF = YES;
				CLANG_WARN_OBJC_LITERAL_CONVERSION = YES;
				CLANG_WARN_OBJC_ROOT_CLASS = YES_ERROR;
				CLANG_WARN_QUOTED_INCLUDE_IN_FRAMEWORK_HEADER = YES;
				CLANG_WARN_RANGE_LOOP_ANALYSIS = YES;
				CLANG_WARN_STRICT_PROTOTYPES = YES;
				CLANG_WARN_SUSPICIOUS_MOVE = YES;
				CLANG_WARN_UNGUARDED_AVAILABILITY = YES_AGGRESSIVE;
				CLANG_WARN_UNREACHABLE_CODE = YES;
				CLANG_WARN__DUPLICATE_METHOD_MATCH = YES;
				COPY_PHASE_STRIP = NO;
				DEBUG_INFORMATION_FORMAT = dwarf;
				ENABLE_STRICT_OBJC_MSGSEND = YES;
				ENABLE_TESTABILITY = YES;
				ENABLE_USER_SCRIPT_SANDBOXING = YES;
				GCC_C_LANGUAGE_STANDARD = gnu17;
				GCC_DYNAMIC_NO_PIC = NO;
				GCC_NO_COMMON_BLOCKS = YES;
				GCC_OPTIMIZATION_LEVEL = 0;
				GCC_PREPROCESSOR_DEFINITIONS = (
					"DEBUG=1",
					"$(inherited)",
				);
				GCC_WARN_64_TO_32_BIT_CONVERSION = YES;
				GCC_WARN_ABOUT_RETURN_TYPE = YES_ERROR;
				GCC_WARN_UNDECLARED_SELECTOR = YES;
				GCC_WARN_UNINITIALIZED_AUTOS = YES_AGGRESSIVE;
				GCC_WARN_UNUSED_FUNCTION = YES;
				GCC_WARN_UNUSED_VARIABLE = YES;
				LOCALIZATION_PREFERS_STRING_CATALOGS = YES;
				MTL_ENABLE_DEBUG_INFO = INCLUDE_SOURCE;
				MTL_FAST_MATH = YES;
				ONLY_ACTIVE_ARCH = YES;
				SWIFT_ACTIVE_COMPILATION_CONDITIONS = "DEBUG $(inherited)";
				SWIFT_OPTIMIZATION_LEVEL = "-Onone";
			};
			name = Debug;
		};
		0FE011362D3F8918007A7B5B /* Release */ = {
			isa = XCBuildConfiguration;
			buildSettings = {
				ALWAYS_SEARCH_USER_PATHS = NO;
				ASSETCATALOG_COMPILER_GENERATE_SWIFT_ASSET_SYMBOL_EXTENSIONS = YES;
				CLANG_ANALYZER_NONNULL = YES;
				CLANG_ANALYZER_NUMBER_OBJECT_CONVERSION = YES_AGGRESSIVE;
				CLANG_CXX_LANGUAGE_STANDARD = "gnu++20";
				CLANG_ENABLE_MODULES = YES;
				CLANG_ENABLE_OBJC_ARC = YES;
				CLANG_ENABLE_OBJC_WEAK = YES;
				CLANG_WARN_BLOCK_CAPTURE_AUTORELEASING = YES;
				CLANG_WARN_BOOL_CONVERSION = YES;
				CLANG_WARN_COMMA = YES;
				CLANG_WARN_CONSTANT_CONVERSION = YES;
				CLANG_WARN_DEPRECATED_OBJC_IMPLEMENTATIONS = YES;
				CLANG_WARN_DIRECT_OBJC_ISA_USAGE = YES_ERROR;
				CLANG_WARN_DOCUMENTATION_COMMENTS = YES;
				CLANG_WARN_EMPTY_BODY = YES;
				CLANG_WARN_ENUM_CONVERSION = YES;
				CLANG_WARN_INFINITE_RECURSION = YES;
				CLANG_WARN_INT_CONVERSION = YES;
				CLANG_WARN_NON_LITERAL_NULL_CONVERSION = YES;
				CLANG_WARN_OBJC_IMPLICIT_RETAIN_SELF = YES;
				CLANG_WARN_OBJC_LITERAL_CONVERSION = YES;
				CLANG_WARN_OBJC_ROOT_CLASS = YES_ERROR;
				CLANG_WARN_QUOTED_INCLUDE_IN_FRAMEWORK_HEADER = YES;
				CLANG_WARN_RANGE_LOOP_ANALYSIS = YES;
				CLANG_WARN_STRICT_PROTOTYPES = YES;
				CLANG_WARN_SUSPICIOUS_MOVE = YES;
				CLANG_WARN_UNGUARDED_AVAILABILITY = YES_AGGRESSIVE;
				CLANG_WARN_UNREACHABLE_CODE = YES;
				CLANG_WARN__DUPLICATE_METHOD_MATCH = YES;
				COPY_PHASE_STRIP = NO;
				DEBUG_INFORMATION_FORMAT = "dwarf-with-dsym";
				ENABLE_NS_ASSERTIONS = NO;
				ENABLE_STRICT_OBJC_MSGSEND = YES;
				ENABLE_USER_SCRIPT_SANDBOXING = YES;
				GCC_C_LANGUAGE_STANDARD = gnu17;
				GCC_NO_COMMON_BLOCKS = YES;
				GCC_WARN_64_TO_32_BIT_CONVERSION = YES;
				GCC_WARN_ABOUT_RETURN_TYPE = YES_ERROR;
				GCC_WARN_UNDECLARED_SELECTOR = YES;
				GCC_WARN_UNINITIALIZED_AUTOS = YES_AGGRESSIVE;
				GCC_WARN_UNUSED_FUNCTION = YES;
				GCC_WARN_UNUSED_VARIABLE = YES;
				LOCALIZATION_PREFERS_STRING_CATALOGS = YES;
				MTL_ENABLE_DEBUG_INFO = NO;
				MTL_FAST_MATH = YES;
				SWIFT_COMPILATION_MODE = wholemodule;
			};
			name = Release;
		};
		0FE011382D3F8918007A7B5B /* Debug */ = {
			isa = XCBuildConfiguration;
			buildSettings = {
				ASSETCATALOG_COMPILER_APPICON_NAME = AppIcon;
				ASSETCATALOG_COMPILER_GLOBAL_ACCENT_COLOR_NAME = AccentColor;
				CODE_SIGN_ENTITLEMENTS = FLICK/FLICK.entitlements;
				CODE_SIGN_STYLE = Automatic;
				CURRENT_PROJECT_VERSION = 1;
				DEVELOPMENT_ASSET_PATHS = "\"FLICK/Preview Content\"";
				DEVELOPMENT_TEAM = URV6Z7L2X4;
				ENABLE_HARDENED_RUNTIME = YES;
				ENABLE_PREVIEWS = YES;
				ENABLE_USER_SCRIPT_SANDBOXING = NO;
				GENERATE_INFOPLIST_FILE = YES;
				INFOPLIST_FILE = FLICK/Info.plist;
				"INFOPLIST_KEY_UIApplicationSceneManifest_Generation[sdk=iphoneos*]" = YES;
				"INFOPLIST_KEY_UIApplicationSceneManifest_Generation[sdk=iphonesimulator*]" = YES;
				"INFOPLIST_KEY_UIApplicationSupportsIndirectInputEvents[sdk=iphoneos*]" = YES;
				"INFOPLIST_KEY_UIApplicationSupportsIndirectInputEvents[sdk=iphonesimulator*]" = YES;
				"INFOPLIST_KEY_UILaunchScreen_Generation[sdk=iphoneos*]" = YES;
				"INFOPLIST_KEY_UILaunchScreen_Generation[sdk=iphonesimulator*]" = YES;
				"INFOPLIST_KEY_UIStatusBarStyle[sdk=iphoneos*]" = UIStatusBarStyleDefault;
				"INFOPLIST_KEY_UIStatusBarStyle[sdk=iphonesimulator*]" = UIStatusBarStyleDefault;
				INFOPLIST_KEY_UISupportedInterfaceOrientations_iPad = "UIInterfaceOrientationPortrait UIInterfaceOrientationPortraitUpsideDown UIInterfaceOrientationLandscapeLeft UIInterfaceOrientationLandscapeRight";
				IPHONEOS_DEPLOYMENT_TARGET = 17.6;
				LD_RUNPATH_SEARCH_PATHS = "@executable_path/Frameworks";
				"LD_RUNPATH_SEARCH_PATHS[sdk=macosx*]" = "@executable_path/../Frameworks";
				MACOSX_DEPLOYMENT_TARGET = 15.0;
				MARKETING_VERSION = 1.0;
				PRODUCT_BUNDLE_IDENTIFIER = douzi.FLICK;
				PRODUCT_NAME = "$(TARGET_NAME)";
				SDKROOT = auto;
				SUPPORTED_PLATFORMS = "iphoneos iphonesimulator macosx xros xrsimulator";
				SWIFT_EMIT_LOC_STRINGS = YES;
				SWIFT_VERSION = 5.0;
				TARGETED_DEVICE_FAMILY = "1,2,7";
				XROS_DEPLOYMENT_TARGET = 2.2;
			};
			name = Debug;
		};
		0FE011392D3F8918007A7B5B /* Release */ = {
			isa = XCBuildConfiguration;
			buildSettings = {
				ASSETCATALOG_COMPILER_APPICON_NAME = AppIcon;
				ASSETCATALOG_COMPILER_GLOBAL_ACCENT_COLOR_NAME = AccentColor;
				CODE_SIGN_ENTITLEMENTS = FLICK/FLICK.entitlements;
				CODE_SIGN_STYLE = Automatic;
				CURRENT_PROJECT_VERSION = 1;
				DEVELOPMENT_ASSET_PATHS = "\"FLICK/Preview Content\"";
				DEVELOPMENT_TEAM = URV6Z7L2X4;
				ENABLE_HARDENED_RUNTIME = YES;
				ENABLE_PREVIEWS = YES;
				ENABLE_USER_SCRIPT_SANDBOXING = NO;
				GENERATE_INFOPLIST_FILE = YES;
				INFOPLIST_FILE = FLICK/Info.plist;
				"INFOPLIST_KEY_UIApplicationSceneManifest_Generation[sdk=iphoneos*]" = YES;
				"INFOPLIST_KEY_UIApplicationSceneManifest_Generation[sdk=iphonesimulator*]" = YES;
				"INFOPLIST_KEY_UIApplicationSupportsIndirectInputEvents[sdk=iphoneos*]" = YES;
				"INFOPLIST_KEY_UIApplicationSupportsIndirectInputEvents[sdk=iphonesimulator*]" = YES;
				"INFOPLIST_KEY_UILaunchScreen_Generation[sdk=iphoneos*]" = YES;
				"INFOPLIST_KEY_UILaunchScreen_Generation[sdk=iphonesimulator*]" = YES;
				"INFOPLIST_KEY_UIStatusBarStyle[sdk=iphoneos*]" = UIStatusBarStyleDefault;
				"INFOPLIST_KEY_UIStatusBarStyle[sdk=iphonesimulator*]" = UIStatusBarStyleDefault;
				INFOPLIST_KEY_UISupportedInterfaceOrientations_iPad = "UIInterfaceOrientationPortrait UIInterfaceOrientationPortraitUpsideDown UIInterfaceOrientationLandscapeLeft UIInterfaceOrientationLandscapeRight";
				IPHONEOS_DEPLOYMENT_TARGET = 17.6;
				LD_RUNPATH_SEARCH_PATHS = "@executable_path/Frameworks";
				"LD_RUNPATH_SEARCH_PATHS[sdk=macosx*]" = "@executable_path/../Frameworks";
				MACOSX_DEPLOYMENT_TARGET = 15.0;
				MARKETING_VERSION = 1.0;
				PRODUCT_BUNDLE_IDENTIFIER = douzi.FLICK;
				PRODUCT_NAME = "$(TARGET_NAME)";
				SDKROOT = auto;
				SUPPORTED_PLATFORMS = "iphoneos iphonesimulator macosx xros xrsimulator";
				SWIFT_EMIT_LOC_STRINGS = YES;
				SWIFT_VERSION = 5.0;
				TARGETED_DEVICE_FAMILY = "1,2,7";
				XROS_DEPLOYMENT_TARGET = 2.2;
			};
			name = Release;
		};
		0FE0113B2D3F8918007A7B5B /* Debug */ = {
			isa = XCBuildConfiguration;
			buildSettings = {
				BUNDLE_LOADER = "$(TEST_HOST)";
				CODE_SIGN_STYLE = Automatic;
				CURRENT_PROJECT_VERSION = 1;
				DEVELOPMENT_TEAM = URV6Z7L2X4;
				GENERATE_INFOPLIST_FILE = YES;
				IPHONEOS_DEPLOYMENT_TARGET = 18.2;
				MACOSX_DEPLOYMENT_TARGET = 15.0;
				MARKETING_VERSION = 1.0;
				PRODUCT_BUNDLE_IDENTIFIER = douzi.FLICKTests;
				PRODUCT_NAME = "$(TARGET_NAME)";
				SDKROOT = auto;
				SUPPORTED_PLATFORMS = "iphoneos iphonesimulator macosx xros xrsimulator";
				SWIFT_EMIT_LOC_STRINGS = NO;
				SWIFT_VERSION = 5.0;
				TARGETED_DEVICE_FAMILY = "1,2,7";
				TEST_HOST = "$(BUILT_PRODUCTS_DIR)/FLICK.app/$(BUNDLE_EXECUTABLE_FOLDER_PATH)/FLICK";
				XROS_DEPLOYMENT_TARGET = 2.2;
			};
			name = Debug;
		};
		0FE0113C2D3F8918007A7B5B /* Release */ = {
			isa = XCBuildConfiguration;
			buildSettings = {
				BUNDLE_LOADER = "$(TEST_HOST)";
				CODE_SIGN_STYLE = Automatic;
				CURRENT_PROJECT_VERSION = 1;
				DEVELOPMENT_TEAM = URV6Z7L2X4;
				GENERATE_INFOPLIST_FILE = YES;
				IPHONEOS_DEPLOYMENT_TARGET = 18.2;
				MACOSX_DEPLOYMENT_TARGET = 15.0;
				MARKETING_VERSION = 1.0;
				PRODUCT_BUNDLE_IDENTIFIER = douzi.FLICKTests;
				PRODUCT_NAME = "$(TARGET_NAME)";
				SDKROOT = auto;
				SUPPORTED_PLATFORMS = "iphoneos iphonesimulator macosx xros xrsimulator";
				SWIFT_EMIT_LOC_STRINGS = NO;
				SWIFT_VERSION = 5.0;
				TARGETED_DEVICE_FAMILY = "1,2,7";
				TEST_HOST = "$(BUILT_PRODUCTS_DIR)/FLICK.app/$(BUNDLE_EXECUTABLE_FOLDER_PATH)/FLICK";
				XROS_DEPLOYMENT_TARGET = 2.2;
			};
			name = Release;
		};
		0FE0113E2D3F8918007A7B5B /* Debug */ = {
			isa = XCBuildConfiguration;
			buildSettings = {
				CODE_SIGN_STYLE = Automatic;
				CURRENT_PROJECT_VERSION = 1;
				DEVELOPMENT_TEAM = URV6Z7L2X4;
				GENERATE_INFOPLIST_FILE = YES;
				IPHONEOS_DEPLOYMENT_TARGET = 18.2;
				MACOSX_DEPLOYMENT_TARGET = 15.0;
				MARKETING_VERSION = 1.0;
				PRODUCT_BUNDLE_IDENTIFIER = douzi.FLICKUITests;
				PRODUCT_NAME = "$(TARGET_NAME)";
				SDKROOT = auto;
				SUPPORTED_PLATFORMS = "iphoneos iphonesimulator macosx xros xrsimulator";
				SWIFT_EMIT_LOC_STRINGS = NO;
				SWIFT_VERSION = 5.0;
				TARGETED_DEVICE_FAMILY = "1,2,7";
				TEST_TARGET_NAME = FLICK;
				XROS_DEPLOYMENT_TARGET = 2.2;
			};
			name = Debug;
		};
		0FE0113F2D3F8918007A7B5B /* Release */ = {
			isa = XCBuildConfiguration;
			buildSettings = {
				CODE_SIGN_STYLE = Automatic;
				CURRENT_PROJECT_VERSION = 1;
				DEVELOPMENT_TEAM = URV6Z7L2X4;
				GENERATE_INFOPLIST_FILE = YES;
				IPHONEOS_DEPLOYMENT_TARGET = 18.2;
				MACOSX_DEPLOYMENT_TARGET = 15.0;
				MARKETING_VERSION = 1.0;
				PRODUCT_BUNDLE_IDENTIFIER = douzi.FLICKUITests;
				PRODUCT_NAME = "$(TARGET_NAME)";
				SDKROOT = auto;
				SUPPORTED_PLATFORMS = "iphoneos iphonesimulator macosx xros xrsimulator";
				SWIFT_EMIT_LOC_STRINGS = NO;
				SWIFT_VERSION = 5.0;
				TARGETED_DEVICE_FAMILY = "1,2,7";
				TEST_TARGET_NAME = FLICK;
				XROS_DEPLOYMENT_TARGET = 2.2;
			};
			name = Release;
		};
/* End XCBuildConfiguration section */

/* Begin XCConfigurationList section */
		0FE0110D2D3F8916007A7B5B /* Build configuration list for PBXProject "FLICK" */ = {
			isa = XCConfigurationList;
			buildConfigurations = (
				0FE011352D3F8918007A7B5B /* Debug */,
				0FE011362D3F8918007A7B5B /* Release */,
			);
			defaultConfigurationIsVisible = 0;
			defaultConfigurationName = Release;
		};
		0FE011372D3F8918007A7B5B /* Build configuration list for PBXNativeTarget "FLICK" */ = {
			isa = XCConfigurationList;
			buildConfigurations = (
				0FE011382D3F8918007A7B5B /* Debug */,
				0FE011392D3F8918007A7B5B /* Release */,
			);
			defaultConfigurationIsVisible = 0;
			defaultConfigurationName = Release;
		};
		0FE0113A2D3F8918007A7B5B /* Build configuration list for PBXNativeTarget "FLICKTests" */ = {
			isa = XCConfigurationList;
			buildConfigurations = (
				0FE0113B2D3F8918007A7B5B /* Debug */,
				0FE0113C2D3F8918007A7B5B /* Release */,
			);
			defaultConfigurationIsVisible = 0;
			defaultConfigurationName = Release;
		};
		0FE0113D2D3F8918007A7B5B /* Build configuration list for PBXNativeTarget "FLICKUITests" */ = {
			isa = XCConfigurationList;
			buildConfigurations = (
				0FE0113E2D3F8918007A7B5B /* Debug */,
				0FE0113F2D3F8918007A7B5B /* Release */,
			);
			defaultConfigurationIsVisible = 0;
			defaultConfigurationName = Release;
		};
/* End XCConfigurationList section */

/* Begin XCRemoteSwiftPackageReference section */
		9EE021422D64FDC300C45E79 /* XCRemoteSwiftPackageReference "ZIPFoundation" */ = {
			isa = XCRemoteSwiftPackageReference;
			repositoryURL = "https://github.com/weichsel/ZIPFoundation";
			requirement = {
				kind = upToNextMajorVersion;
				minimumVersion = 0.9.19;
			};
		};
/* End XCRemoteSwiftPackageReference section */

/* Begin XCSwiftPackageProductDependency section */
		9EE021432D64FDC300C45E79 /* ZIPFoundation */ = {
			isa = XCSwiftPackageProductDependency;
			package = 9EE021422D64FDC300C45E79 /* XCRemoteSwiftPackageReference "ZIPFoundation" */;
			productName = ZIPFoundation;
		};
/* End XCSwiftPackageProductDependency section */
	};
	rootObject = 0FE0110A2D3F8916007A7B5B /* Project object */;
}
